
Microsoft Visual Studio Solution File, Format Version 12.00
Project("{2150E333-8FDC-42A3-9474-1A3956D46DE8}") = "src", "src", "{D4ED5533-7AFB-4376-82EF-64B456A32C78}"
EndProject
Project("{2150E333-8FDC-42A3-9474-1A3956D46DE8}") = "tests", "tests", "{60A3D270-FA57-46A7-AF0A-94C566EBE75E}"
EndProject
Project("{2150E333-8FDC-42A3-9474-1A3956D46DE8}") = "Backend", "Backend", "{19B59EB1-448A-4BB4-B9B4-B74245E1CA57}"
EndProject
Project("{2150E333-8FDC-42A3-9474-1A3956D46DE8}") = "Shared", "Shared", "{371F3DC5-B735-482F-9239-94DBCE0598FC}"
EndProject
Project("{2150E333-8FDC-42A3-9474-1A3956D46DE8}") = "Mobile", "Mobile", "{E3CC069B-0172-443E-A28C-93E072F17360}"
EndProject
Project("{FAE04EC0-301F-11D3-BF4B-00C04F79EFBC}") = "MyRecipeBook.API", "src\Backend\MyRecipeBook.API\MyRecipeBook.API.csproj", "{0A56F288-C627-4C6A-AD48-53ECAEE7D589}"
EndProject
Project("{FAE04EC0-301F-11D3-BF4B-00C04F79EFBC}") = "MyRecipeBook.Domain", "src\Backend\MyRecipeBook.Domain\MyRecipeBook.Domain.csproj", "{D2CE6DC7-F5CF-4555-BA89-48BB77CECB8A}"
EndProject
Project("{FAE04EC0-301F-11D3-BF4B-00C04F79EFBC}") = "MyRecipeBook.Application", "src\Backend\MyRecipeBook.Application\MyRecipeBook.Application.csproj", "{AD4CCD8C-DE6E-457F-8DF9-AFFCECB251A7}"
EndProject
Project("{FAE04EC0-301F-11D3-BF4B-00C04F79EFBC}") = "MyRecipeBook.Infrastructure", "src\Backend\MyRecipeBook.Infrastructure\MyRecipeBook.Infrastructure.csproj", "{87972856-DC01-40F5-BF7E-122932AE2B9E}"
EndProject
Project("{FAE04EC0-301F-11D3-BF4B-00C04F79EFBC}") = "MyRecipeBook.Communication", "src\Shared\MyRecipeBook.Communication\MyRecipeBook.Communication.csproj", "{017BFE67-C4FA-46DD-BBD0-4634CAC406A6}"
EndProject
Project("{FAE04EC0-301F-11D3-BF4B-00C04F79EFBC}") = "MyRecipeBook.Exceptions", "src\Shared\MyRecipeBook.Exceptions\MyRecipeBook.Exceptions.csproj", "{1CE07231-CFB6-4D4C-8C4E-31C9CCE44827}"
EndProject
Global
	GlobalSection(SolutionConfigurationPlatforms) = preSolution
		Debug|Any CPU = Debug|Any CPU
		Release|Any CPU = Release|Any CPU
	EndGlobalSection
	GlobalSection(ProjectConfigurationPlatforms) = postSolution
		{0A56F288-C627-4C6A-AD48-53ECAEE7D589}.Debug|Any CPU.ActiveCfg = Debug|Any CPU
		{0A56F288-C627-4C6A-AD48-53ECAEE7D589}.Debug|Any CPU.Build.0 = Debug|Any CPU
		{0A56F288-C627-4C6A-AD48-53ECAEE7D589}.Release|Any CPU.ActiveCfg = Release|Any CPU
		{0A56F288-C627-4C6A-AD48-53ECAEE7D589}.Release|Any CPU.Build.0 = Release|Any CPU
		{D2CE6DC7-F5CF-4555-BA89-48BB77CECB8A}.Debug|Any CPU.ActiveCfg = Debug|Any CPU
		{D2CE6DC7-F5CF-4555-BA89-48BB77CECB8A}.Debug|Any CPU.Build.0 = Debug|Any CPU
		{D2CE6DC7-F5CF-4555-BA89-48BB77CECB8A}.Release|Any CPU.ActiveCfg = Release|Any CPU
		{D2CE6DC7-F5CF-4555-BA89-48BB77CECB8A}.Release|Any CPU.Build.0 = Release|Any CPU
		{AD4CCD8C-DE6E-457F-8DF9-AFFCECB251A7}.Debug|Any CPU.ActiveCfg = Debug|Any CPU
		{AD4CCD8C-DE6E-457F-8DF9-AFFCECB251A7}.Debug|Any CPU.Build.0 = Debug|Any CPU
		{AD4CCD8C-DE6E-457F-8DF9-AFFCECB251A7}.Release|Any CPU.ActiveCfg = Release|Any CPU
		{AD4CCD8C-DE6E-457F-8DF9-AFFCECB251A7}.Release|Any CPU.Build.0 = Release|Any CPU
		{87972856-DC01-40F5-BF7E-122932AE2B9E}.Debug|Any CPU.ActiveCfg = Debug|Any CPU
		{87972856-DC01-40F5-BF7E-122932AE2B9E}.Debug|Any CPU.Build.0 = Debug|Any CPU
		{87972856-DC01-40F5-BF7E-122932AE2B9E}.Release|Any CPU.ActiveCfg = Release|Any CPU
		{87972856-DC01-40F5-BF7E-122932AE2B9E}.Release|Any CPU.Build.0 = Release|Any CPU
		{017BFE67-C4FA-46DD-BBD0-4634CAC406A6}.Debug|Any CPU.ActiveCfg = Debug|Any CPU
		{017BFE67-C4FA-46DD-BBD0-4634CAC406A6}.Debug|Any CPU.Build.0 = Debug|Any CPU
		{017BFE67-C4FA-46DD-BBD0-4634CAC406A6}.Release|Any CPU.ActiveCfg = Release|Any CPU
		{017BFE67-C4FA-46DD-BBD0-4634CAC406A6}.Release|Any CPU.Build.0 = Release|Any CPU
		{1CE07231-CFB6-4D4C-8C4E-31C9CCE44827}.Debug|Any CPU.ActiveCfg = Debug|Any CPU
		{1CE07231-CFB6-4D4C-8C4E-31C9CCE44827}.Debug|Any CPU.Build.0 = Debug|Any CPU
		{1CE07231-CFB6-4D4C-8C4E-31C9CCE44827}.Release|Any CPU.ActiveCfg = Release|Any CPU
		{1CE07231-CFB6-4D4C-8C4E-31C9CCE44827}.Release|Any CPU.Build.0 = Release|Any CPU
	EndGlobalSection
	GlobalSection(NestedProjects) = preSolution
		{19B59EB1-448A-4BB4-B9B4-B74245E1CA57} = {D4ED5533-7AFB-4376-82EF-64B456A32C78}
		{371F3DC5-B735-482F-9239-94DBCE0598FC} = {D4ED5533-7AFB-4376-82EF-64B456A32C78}
		{E3CC069B-0172-443E-A28C-93E072F17360} = {D4ED5533-7AFB-4376-82EF-64B456A32C78}
		{0A56F288-C627-4C6A-AD48-53ECAEE7D589} = {19B59EB1-448A-4BB4-B9B4-B74245E1CA57}
		{D2CE6DC7-F5CF-4555-BA89-48BB77CECB8A} = {19B59EB1-448A-4BB4-B9B4-B74245E1CA57}
		{AD4CCD8C-DE6E-457F-8DF9-AFFCECB251A7} = {19B59EB1-448A-4BB4-B9B4-B74245E1CA57}
		{87972856-DC01-40F5-BF7E-122932AE2B9E} = {19B59EB1-448A-4BB4-B9B4-B74245E1CA57}
		{017BFE67-C4FA-46DD-BBD0-4634CAC406A6} = {371F3DC5-B735-482F-9239-94DBCE0598FC}
		{1CE07231-CFB6-4D4C-8C4E-31C9CCE44827} = {371F3DC5-B735-482F-9239-94DBCE0598FC}
	EndGlobalSection
EndGlobal
